
Microsoft Visual Studio Solution File, Format Version 12.00
# Visual Studio Version 16
VisualStudioVersion = 16.0.30114.105
MinimumVisualStudioVersion = 10.0.40219.1
Project("{FAE04EC0-301F-11D3-BF4B-00C04F79EFBC}") = "CQRS.Core", "..\CQRS-ES\CQRS.Core\CQRS.Core.csproj", "{3411B98F-3D1D-4A8C-B477-D1FEEDE672CA}"
EndProject
Project("{2150E333-8FDC-42A3-9474-1A3956D46DE8}") = "Post.Cmd", "Post.Cmd", "{07347001-2401-48DE-8A95-5054EC98A261}"
EndProject
Project("{FAE04EC0-301F-11D3-BF4B-00C04F79EFBC}") = "Post.Cmd.Api", "Post.Cmd\Post.Cmd.Api\Post.Cmd.Api.csproj", "{FB4E0788-08A9-47C3-A0A2-15877C64C13B}"
EndProject
Project("{FAE04EC0-301F-11D3-BF4B-00C04F79EFBC}") = "Post.Cmd.Domain", "Post.Cmd\Post.Cmd.Domain\Post.Cmd.Domain.csproj", "{CDE56D92-DEC9-40B9-91D9-BDDB5F1E8F41}"
EndProject
Project("{FAE04EC0-301F-11D3-BF4B-00C04F79EFBC}") = "Post.Cmd.Infrastructure", "Post.Cmd\Post.Cmd.Infrastructure\Post.Cmd.Infrastructure.csproj", "{B9D064DF-D389-478D-80C1-E14EEBA376B9}"
EndProject
Project("{2150E333-8FDC-42A3-9474-1A3956D46DE8}") = "Post.Query", "Post.Query", "{90204D52-48D7-429A-A1B1-1CAD6493A48D}"
EndProject
Project("{FAE04EC0-301F-11D3-BF4B-00C04F79EFBC}") = "Post.Query.Api", "Post.Query\Post.Query.Api\Post.Query.Api.csproj", "{2862EB63-FFD9-461F-89C7-69EA3CC8D052}"
EndProject
Project("{FAE04EC0-301F-11D3-BF4B-00C04F79EFBC}") = "Post.Query.Domain", "Post.Query\Post.Query.Domain\Post.Query.Domain.csproj", "{A1966844-F04D-4F36-899C-29DA9E773470}"
EndProject
Project("{FAE04EC0-301F-11D3-BF4B-00C04F79EFBC}") = "Post.Query.Infrastructure", "Post.Query\Post.Query.Infrastructure\Post.Query.Infrastructure.csproj", "{22068C1E-2926-48FE-96A5-8982A4CBE992}"
EndProject
Global
	GlobalSection(SolutionConfigurationPlatforms) = preSolution
		Debug|Any CPU = Debug|Any CPU
		Release|Any CPU = Release|Any CPU
	EndGlobalSection
	GlobalSection(SolutionProperties) = preSolution
		HideSolutionNode = FALSE
	EndGlobalSection
	GlobalSection(ProjectConfigurationPlatforms) = postSolution
		{3411B98F-3D1D-4A8C-B477-D1FEEDE672CA}.Debug|Any CPU.ActiveCfg = Debug|Any CPU
		{3411B98F-3D1D-4A8C-B477-D1FEEDE672CA}.Debug|Any CPU.Build.0 = Debug|Any CPU
		{3411B98F-3D1D-4A8C-B477-D1FEEDE672CA}.Release|Any CPU.ActiveCfg = Release|Any CPU
		{3411B98F-3D1D-4A8C-B477-D1FEEDE672CA}.Release|Any CPU.Build.0 = Release|Any CPU
		{FB4E0788-08A9-47C3-A0A2-15877C64C13B}.Debug|Any CPU.ActiveCfg = Debug|Any CPU
		{FB4E0788-08A9-47C3-A0A2-15877C64C13B}.Debug|Any CPU.Build.0 = Debug|Any CPU
		{FB4E0788-08A9-47C3-A0A2-15877C64C13B}.Release|Any CPU.ActiveCfg = Release|Any CPU
		{FB4E0788-08A9-47C3-A0A2-15877C64C13B}.Release|Any CPU.Build.0 = Release|Any CPU
		{CDE56D92-DEC9-40B9-91D9-BDDB5F1E8F41}.Debug|Any CPU.ActiveCfg = Debug|Any CPU
		{CDE56D92-DEC9-40B9-91D9-BDDB5F1E8F41}.Debug|Any CPU.Build.0 = Debug|Any CPU
		{CDE56D92-DEC9-40B9-91D9-BDDB5F1E8F41}.Release|Any CPU.ActiveCfg = Release|Any CPU
		{CDE56D92-DEC9-40B9-91D9-BDDB5F1E8F41}.Release|Any CPU.Build.0 = Release|Any CPU
		{B9D064DF-D389-478D-80C1-E14EEBA376B9}.Debug|Any CPU.ActiveCfg = Debug|Any CPU
		{B9D064DF-D389-478D-80C1-E14EEBA376B9}.Debug|Any CPU.Build.0 = Debug|Any CPU
		{B9D064DF-D389-478D-80C1-E14EEBA376B9}.Release|Any CPU.ActiveCfg = Release|Any CPU
		{B9D064DF-D389-478D-80C1-E14EEBA376B9}.Release|Any CPU.Build.0 = Release|Any CPU
		{2862EB63-FFD9-461F-89C7-69EA3CC8D052}.Debug|Any CPU.ActiveCfg = Debug|Any CPU
		{2862EB63-FFD9-461F-89C7-69EA3CC8D052}.Debug|Any CPU.Build.0 = Debug|Any CPU
		{2862EB63-FFD9-461F-89C7-69EA3CC8D052}.Release|Any CPU.ActiveCfg = Release|Any CPU
		{2862EB63-FFD9-461F-89C7-69EA3CC8D052}.Release|Any CPU.Build.0 = Release|Any CPU
		{A1966844-F04D-4F36-899C-29DA9E773470}.Debug|Any CPU.ActiveCfg = Debug|Any CPU
		{A1966844-F04D-4F36-899C-29DA9E773470}.Debug|Any CPU.Build.0 = Debug|Any CPU
		{A1966844-F04D-4F36-899C-29DA9E773470}.Release|Any CPU.ActiveCfg = Release|Any CPU
		{A1966844-F04D-4F36-899C-29DA9E773470}.Release|Any CPU.Build.0 = Release|Any CPU
		{22068C1E-2926-48FE-96A5-8982A4CBE992}.Debug|Any CPU.ActiveCfg = Debug|Any CPU
		{22068C1E-2926-48FE-96A5-8982A4CBE992}.Debug|Any CPU.Build.0 = Debug|Any CPU
		{22068C1E-2926-48FE-96A5-8982A4CBE992}.Release|Any CPU.ActiveCfg = Release|Any CPU
		{22068C1E-2926-48FE-96A5-8982A4CBE992}.Release|Any CPU.Build.0 = Release|Any CPU
	EndGlobalSection
	GlobalSection(NestedProjects) = preSolution
		{FB4E0788-08A9-47C3-A0A2-15877C64C13B} = {07347001-2401-48DE-8A95-5054EC98A261}
		{CDE56D92-DEC9-40B9-91D9-BDDB5F1E8F41} = {07347001-2401-48DE-8A95-5054EC98A261}
		{B9D064DF-D389-478D-80C1-E14EEBA376B9} = {07347001-2401-48DE-8A95-5054EC98A261}
		{2862EB63-FFD9-461F-89C7-69EA3CC8D052} = {90204D52-48D7-429A-A1B1-1CAD6493A48D}
		{A1966844-F04D-4F36-899C-29DA9E773470} = {90204D52-48D7-429A-A1B1-1CAD6493A48D}
		{22068C1E-2926-48FE-96A5-8982A4CBE992} = {90204D52-48D7-429A-A1B1-1CAD6493A48D}
	EndGlobalSection
EndGlobal
